
Microsoft Visual Studio Solution File, Format Version 12.00
# Visual Studio Version 16
VisualStudioVersion = 16.0.31729.503
MinimumVisualStudioVersion = 10.0.40219.1
Project("{FAE04EC0-301F-11D3-BF4B-00C04F79EFBC}") = "testarchApi", "testarchApi\testarchApi.csproj", "{F301F623-7584-4DD9-A90B-C00CB0F892C0}"
EndProject
Global
	GlobalSection(SolutionConfigurationPlatforms) = preSolution
		Debug|Any CPU = Debug|Any CPU
		Release|Any CPU = Release|Any CPU
	EndGlobalSection
	GlobalSection(ProjectConfigurationPlatforms) = postSolution
		{F301F623-7584-4DD9-A90B-C00CB0F892C0}.Debug|Any CPU.ActiveCfg = Debug|Any CPU
		{F301F623-7584-4DD9-A90B-C00CB0F892C0}.Debug|Any CPU.Build.0 = Debug|Any CPU
		{F301F623-7584-4DD9-A90B-C00CB0F892C0}.Release|Any CPU.ActiveCfg = Release|Any CPU
		{F301F623-7584-4DD9-A90B-C00CB0F892C0}.Release|Any CPU.Build.0 = Release|Any CPU
	EndGlobalSection
	GlobalSection(SolutionProperties) = preSolution
		HideSolutionNode = FALSE
	EndGlobalSection
	GlobalSection(ExtensibilityGlobals) = postSolution
		SolutionGuid = {8D0422B6-A2AE-4BB4-8456-11006689049C}
	EndGlobalSection
EndGlobal
